
Microsoft Visual Studio Solution File, Format Version 12.00
# Visual Studio Version 16
VisualStudioVersion = 16.0.32413.511
MinimumVisualStudioVersion = 10.0.40219.1
Project("{FAE04EC0-301F-11D3-BF4B-00C04F79EFBC}") = "FILETEST", "FILETEST\FILETEST.csproj", "{5B7BB705-5257-4525-AF5F-B2C3F7D6B4D1}"
EndProject
Global
	GlobalSection(SolutionConfigurationPlatforms) = preSolution
		Debug|Any CPU = Debug|Any CPU
		Release|Any CPU = Release|Any CPU
	EndGlobalSection
	GlobalSection(ProjectConfigurationPlatforms) = postSolution
		{5B7BB705-5257-4525-AF5F-B2C3F7D6B4D1}.Debug|Any CPU.ActiveCfg = Debug|Any CPU
		{5B7BB705-5257-4525-AF5F-B2C3F7D6B4D1}.Debug|Any CPU.Build.0 = Debug|Any CPU
		{5B7BB705-5257-4525-AF5F-B2C3F7D6B4D1}.Release|Any CPU.ActiveCfg = Release|Any CPU
		{5B7BB705-5257-4525-AF5F-B2C3F7D6B4D1}.Release|Any CPU.Build.0 = Release|Any CPU
	EndGlobalSection
	GlobalSection(SolutionProperties) = preSolution
		HideSolutionNode = FALSE
	EndGlobalSection
	GlobalSection(ExtensibilityGlobals) = postSolution
		SolutionGuid = {A9668EB0-3111-414B-9264-9B68B1F5CEA9}
	EndGlobalSection
EndGlobal
